
Microsoft Visual Studio Solution File, Format Version 12.00
# Visual Studio Version 16
VisualStudioVersion = 16.0.31702.278
MinimumVisualStudioVersion = 10.0.40219.1
Project("{FAE04EC0-301F-11D3-BF4B-00C04F79EFBC}") = "Lab1", "Lab1.csproj", "{35B72533-2D4B-4814-BB0E-D78E27D0C9E8}"
EndProject
Global
	GlobalSection(SolutionConfigurationPlatforms) = preSolution
		Debug|Any CPU = Debug|Any CPU
		Release|Any CPU = Release|Any CPU
	EndGlobalSection
	GlobalSection(ProjectConfigurationPlatforms) = postSolution
		{35B72533-2D4B-4814-BB0E-D78E27D0C9E8}.Debug|Any CPU.ActiveCfg = Debug|Any CPU
		{35B72533-2D4B-4814-BB0E-D78E27D0C9E8}.Debug|Any CPU.Build.0 = Debug|Any CPU
		{35B72533-2D4B-4814-BB0E-D78E27D0C9E8}.Release|Any CPU.ActiveCfg = Release|Any CPU
		{35B72533-2D4B-4814-BB0E-D78E27D0C9E8}.Release|Any CPU.Build.0 = Release|Any CPU
	EndGlobalSection
	GlobalSection(SolutionProperties) = preSolution
		HideSolutionNode = FALSE
	EndGlobalSection
	GlobalSection(ExtensibilityGlobals) = postSolution
		SolutionGuid = {D8EA5AF3-8E1B-4778-BD55-F23ADC5B4ECE}
	EndGlobalSection
EndGlobal
